
Microsoft Visual Studio Solution File, Format Version 12.00
# Visual Studio 2013
VisualStudioVersion = 12.0.30501.0
MinimumVisualStudioVersion = 10.0.40219.1
Project("{2150E333-8FDC-42A3-9474-1A3956D46DE8}") = ".metadata", ".metadata", "{C7C899F4-7DEA-48B9-9DEB-B1CD4494EC8C}"
	ProjectSection(SolutionItems) = preProject
		Resources\AzureTableSchema.xsd = Resources\AzureTableSchema.xsd
		Resources\DefaultAzureSchema.xml = Resources\DefaultAzureSchema.xml
	EndProjectSection
EndProject
Project("{FAE04EC0-301F-11D3-BF4B-00C04F79EFBC}") = "Telemetry.WinRT", "Telemetry.WinRT\Telemetry.WinRT.csproj", "{1625054A-0309-4FDA-8107-4BA19702F698}"
EndProject
Project("{FAE04EC0-301F-11D3-BF4B-00C04F79EFBC}") = "Telemetry.WindowsPhoneRT", "Telemetry.WindowsPhoneRT\Telemetry.WindowsPhoneRT.csproj", "{93B0B053-B4A7-43D0-8B45-CE36E9FA67B5}"
EndProject
Project("{FAE04EC0-301F-11D3-BF4B-00C04F79EFBC}") = "Telemetry.Portable", "Telemetry.Portable\Telemetry.Portable.csproj", "{E8B3525F-F931-4FC1-ABF7-6762F139D495}"
EndProject
Project("{FAE04EC0-301F-11D3-BF4B-00C04F79EFBC}") = "Telemetry.Test.TestLibrary", "Telemetry.Test.TestLibrary\Telemetry.Test.TestLibrary.csproj", "{462747FD-BC88-4465-83EC-A3D7546F6C72}"
EndProject
Global
	GlobalSection(SolutionConfigurationPlatforms) = preSolution
		Debug|Any CPU = Debug|Any CPU
		Debug|ARM = Debug|ARM
		Debug|Mixed Platforms = Debug|Mixed Platforms
		Debug|x64 = Debug|x64
		Debug|x86 = Debug|x86
		Release|Any CPU = Release|Any CPU
		Release|ARM = Release|ARM
		Release|Mixed Platforms = Release|Mixed Platforms
		Release|x64 = Release|x64
		Release|x86 = Release|x86
	EndGlobalSection
	GlobalSection(ProjectConfigurationPlatforms) = postSolution
		{1625054A-0309-4FDA-8107-4BA19702F698}.Debug|Any CPU.ActiveCfg = Debug|Any CPU
		{1625054A-0309-4FDA-8107-4BA19702F698}.Debug|Any CPU.Build.0 = Debug|Any CPU
		{1625054A-0309-4FDA-8107-4BA19702F698}.Debug|ARM.ActiveCfg = Debug|ARM
		{1625054A-0309-4FDA-8107-4BA19702F698}.Debug|ARM.Build.0 = Debug|ARM
		{1625054A-0309-4FDA-8107-4BA19702F698}.Debug|Mixed Platforms.ActiveCfg = Debug|Any CPU
		{1625054A-0309-4FDA-8107-4BA19702F698}.Debug|Mixed Platforms.Build.0 = Debug|Any CPU
		{1625054A-0309-4FDA-8107-4BA19702F698}.Debug|x64.ActiveCfg = Debug|x64
		{1625054A-0309-4FDA-8107-4BA19702F698}.Debug|x64.Build.0 = Debug|x64
		{1625054A-0309-4FDA-8107-4BA19702F698}.Debug|x86.ActiveCfg = Debug|x86
		{1625054A-0309-4FDA-8107-4BA19702F698}.Debug|x86.Build.0 = Debug|x86
		{1625054A-0309-4FDA-8107-4BA19702F698}.Release|Any CPU.ActiveCfg = Release|Any CPU
		{1625054A-0309-4FDA-8107-4BA19702F698}.Release|Any CPU.Build.0 = Release|Any CPU
		{1625054A-0309-4FDA-8107-4BA19702F698}.Release|ARM.ActiveCfg = Release|ARM
		{1625054A-0309-4FDA-8107-4BA19702F698}.Release|ARM.Build.0 = Release|ARM
		{1625054A-0309-4FDA-8107-4BA19702F698}.Release|Mixed Platforms.ActiveCfg = Release|x86
		{1625054A-0309-4FDA-8107-4BA19702F698}.Release|Mixed Platforms.Build.0 = Release|x86
		{1625054A-0309-4FDA-8107-4BA19702F698}.Release|x64.ActiveCfg = Release|x64
		{1625054A-0309-4FDA-8107-4BA19702F698}.Release|x64.Build.0 = Release|x64
		{1625054A-0309-4FDA-8107-4BA19702F698}.Release|x86.ActiveCfg = Release|x86
		{1625054A-0309-4FDA-8107-4BA19702F698}.Release|x86.Build.0 = Release|x86
		{93B0B053-B4A7-43D0-8B45-CE36E9FA67B5}.Debug|Any CPU.ActiveCfg = Debug|Any CPU
		{93B0B053-B4A7-43D0-8B45-CE36E9FA67B5}.Debug|Any CPU.Build.0 = Debug|Any CPU
		{93B0B053-B4A7-43D0-8B45-CE36E9FA67B5}.Debug|ARM.ActiveCfg = Debug|ARM
		{93B0B053-B4A7-43D0-8B45-CE36E9FA67B5}.Debug|ARM.Build.0 = Debug|ARM
		{93B0B053-B4A7-43D0-8B45-CE36E9FA67B5}.Debug|Mixed Platforms.ActiveCfg = Debug|Any CPU
		{93B0B053-B4A7-43D0-8B45-CE36E9FA67B5}.Debug|Mixed Platforms.Build.0 = Debug|Any CPU
		{93B0B053-B4A7-43D0-8B45-CE36E9FA67B5}.Debug|x64.ActiveCfg = Debug|Any CPU
		{93B0B053-B4A7-43D0-8B45-CE36E9FA67B5}.Debug|x86.ActiveCfg = Debug|x86
		{93B0B053-B4A7-43D0-8B45-CE36E9FA67B5}.Debug|x86.Build.0 = Debug|x86
		{93B0B053-B4A7-43D0-8B45-CE36E9FA67B5}.Release|Any CPU.ActiveCfg = Release|Any CPU
		{93B0B053-B4A7-43D0-8B45-CE36E9FA67B5}.Release|Any CPU.Build.0 = Release|Any CPU
		{93B0B053-B4A7-43D0-8B45-CE36E9FA67B5}.Release|ARM.ActiveCfg = Release|ARM
		{93B0B053-B4A7-43D0-8B45-CE36E9FA67B5}.Release|ARM.Build.0 = Release|ARM
		{93B0B053-B4A7-43D0-8B45-CE36E9FA67B5}.Release|Mixed Platforms.ActiveCfg = Release|x86
		{93B0B053-B4A7-43D0-8B45-CE36E9FA67B5}.Release|Mixed Platforms.Build.0 = Release|x86
		{93B0B053-B4A7-43D0-8B45-CE36E9FA67B5}.Release|x64.ActiveCfg = Release|Any CPU
		{93B0B053-B4A7-43D0-8B45-CE36E9FA67B5}.Release|x86.ActiveCfg = Release|x86
		{93B0B053-B4A7-43D0-8B45-CE36E9FA67B5}.Release|x86.Build.0 = Release|x86
		{E8B3525F-F931-4FC1-ABF7-6762F139D495}.Debug|Any CPU.ActiveCfg = Debug|Any CPU
		{E8B3525F-F931-4FC1-ABF7-6762F139D495}.Debug|Any CPU.Build.0 = Debug|Any CPU
		{E8B3525F-F931-4FC1-ABF7-6762F139D495}.Debug|ARM.ActiveCfg = Debug|Any CPU
		{E8B3525F-F931-4FC1-ABF7-6762F139D495}.Debug|Mixed Platforms.ActiveCfg = Debug|Any CPU
		{E8B3525F-F931-4FC1-ABF7-6762F139D495}.Debug|Mixed Platforms.Build.0 = Debug|Any CPU
		{E8B3525F-F931-4FC1-ABF7-6762F139D495}.Debug|x64.ActiveCfg = Debug|Any CPU
		{E8B3525F-F931-4FC1-ABF7-6762F139D495}.Debug|x86.ActiveCfg = Debug|Any CPU
		{E8B3525F-F931-4FC1-ABF7-6762F139D495}.Release|Any CPU.ActiveCfg = Release|Any CPU
		{E8B3525F-F931-4FC1-ABF7-6762F139D495}.Release|Any CPU.Build.0 = Release|Any CPU
		{E8B3525F-F931-4FC1-ABF7-6762F139D495}.Release|ARM.ActiveCfg = Release|Any CPU
		{E8B3525F-F931-4FC1-ABF7-6762F139D495}.Release|Mixed Platforms.ActiveCfg = Release|Any CPU
		{E8B3525F-F931-4FC1-ABF7-6762F139D495}.Release|Mixed Platforms.Build.0 = Release|Any CPU
		{E8B3525F-F931-4FC1-ABF7-6762F139D495}.Release|x64.ActiveCfg = Release|Any CPU
		{E8B3525F-F931-4FC1-ABF7-6762F139D495}.Release|x86.ActiveCfg = Release|Any CPU
		{462747FD-BC88-4465-83EC-A3D7546F6C72}.Debug|Any CPU.ActiveCfg = Debug|Any CPU
		{462747FD-BC88-4465-83EC-A3D7546F6C72}.Debug|Any CPU.Build.0 = Debug|Any CPU
		{462747FD-BC88-4465-83EC-A3D7546F6C72}.Debug|Any CPU.Deploy.0 = Debug|Any CPU
		{462747FD-BC88-4465-83EC-A3D7546F6C72}.Debug|ARM.ActiveCfg = Debug|ARM
		{462747FD-BC88-4465-83EC-A3D7546F6C72}.Debug|ARM.Build.0 = Debug|ARM
		{462747FD-BC88-4465-83EC-A3D7546F6C72}.Debug|ARM.Deploy.0 = Debug|ARM
		{462747FD-BC88-4465-83EC-A3D7546F6C72}.Debug|Mixed Platforms.ActiveCfg = Debug|Any CPU
		{462747FD-BC88-4465-83EC-A3D7546F6C72}.Debug|Mixed Platforms.Build.0 = Debug|Any CPU
		{462747FD-BC88-4465-83EC-A3D7546F6C72}.Debug|Mixed Platforms.Deploy.0 = Debug|Any CPU
		{462747FD-BC88-4465-83EC-A3D7546F6C72}.Debug|x64.ActiveCfg = Debug|x64
		{462747FD-BC88-4465-83EC-A3D7546F6C72}.Debug|x64.Build.0 = Debug|x64
		{462747FD-BC88-4465-83EC-A3D7546F6C72}.Debug|x64.Deploy.0 = Debug|x64
		{462747FD-BC88-4465-83EC-A3D7546F6C72}.Debug|x86.ActiveCfg = Debug|x86
		{462747FD-BC88-4465-83EC-A3D7546F6C72}.Debug|x86.Build.0 = Debug|x86
		{462747FD-BC88-4465-83EC-A3D7546F6C72}.Debug|x86.Deploy.0 = Debug|x86
		{462747FD-BC88-4465-83EC-A3D7546F6C72}.Release|Any CPU.ActiveCfg = Release|Any CPU
		{462747FD-BC88-4465-83EC-A3D7546F6C72}.Release|Any CPU.Build.0 = Release|Any CPU
		{462747FD-BC88-4465-83EC-A3D7546F6C72}.Release|Any CPU.Deploy.0 = Release|Any CPU
		{462747FD-BC88-4465-83EC-A3D7546F6C72}.Release|ARM.ActiveCfg = Release|ARM
		{462747FD-BC88-4465-83EC-A3D7546F6C72}.Release|ARM.Build.0 = Release|ARM
		{462747FD-BC88-4465-83EC-A3D7546F6C72}.Release|ARM.Deploy.0 = Release|ARM
		{462747FD-BC88-4465-83EC-A3D7546F6C72}.Release|Mixed Platforms.ActiveCfg = Release|x86
		{462747FD-BC88-4465-83EC-A3D7546F6C72}.Release|Mixed Platforms.Build.0 = Release|x86
		{462747FD-BC88-4465-83EC-A3D7546F6C72}.Release|Mixed Platforms.Deploy.0 = Release|x86
		{462747FD-BC88-4465-83EC-A3D7546F6C72}.Release|x64.ActiveCfg = Release|x64
		{462747FD-BC88-4465-83EC-A3D7546F6C72}.Release|x64.Build.0 = Release|x64
		{462747FD-BC88-4465-83EC-A3D7546F6C72}.Release|x64.Deploy.0 = Release|x64
		{462747FD-BC88-4465-83EC-A3D7546F6C72}.Release|x86.ActiveCfg = Release|x86
		{462747FD-BC88-4465-83EC-A3D7546F6C72}.Release|x86.Build.0 = Release|x86
		{462747FD-BC88-4465-83EC-A3D7546F6C72}.Release|x86.Deploy.0 = Release|x86
	EndGlobalSection
	GlobalSection(SolutionProperties) = preSolution
		HideSolutionNode = FALSE
	EndGlobalSection
EndGlobal
